// !$*UTF8*$!
{
	archiveVersion = 1;
	classes = {
	};
	objectVersion = 56;
	objects = {

/* Begin PBXBuildFile section */
		39FCF8222B3AE22200097FCE /* AppDelegate.swift in Sources */ = {isa = PBXBuildFile; fileRef = 39FCF8212B3AE22200097FCE /* AppDelegate.swift */; };
		39FCF8242B3AE22200097FCE /* SceneDelegate.swift in Sources */ = {isa = PBXBuildFile; fileRef = 39FCF8232B3AE22200097FCE /* SceneDelegate.swift */; };
		39FCF8262B3AE22200097FCE /* ViewController.swift in Sources */ = {isa = PBXBuildFile; fileRef = 39FCF8252B3AE22200097FCE /* ViewController.swift */; };
		39FCF82B2B3AE22400097FCE /* Assets.xcassets in Resources */ = {isa = PBXBuildFile; fileRef = 39FCF82A2B3AE22400097FCE /* Assets.xcassets */; };
		39FCF82E2B3AE22400097FCE /* LaunchScreen.storyboard in Resources */ = {isa = PBXBuildFile; fileRef = 39FCF82C2B3AE22400097FCE /* LaunchScreen.storyboard */; };
		39FCF8392B3AE42E00097FCE /* BaseTextField.swift in Sources */ = {isa = PBXBuildFile; fileRef = 39FCF8382B3AE42E00097FCE /* BaseTextField.swift */; };
		39FCF83B2B3AE45000097FCE /* BaseTextField+ViewModel.swift in Sources */ = {isa = PBXBuildFile; fileRef = 39FCF83A2B3AE45000097FCE /* BaseTextField+ViewModel.swift */; };
/* End PBXBuildFile section */

/* Begin PBXFileReference section */
		39FCF81E2B3AE22200097FCE /* CustomTextField.app */ = {isa = PBXFileReference; explicitFileType = wrapper.application; includeInIndex = 0; path = CustomTextField.app; sourceTree = BUILT_PRODUCTS_DIR; };
		39FCF8212B3AE22200097FCE /* AppDelegate.swift */ = {isa = PBXFileReference; lastKnownFileType = sourcecode.swift; path = AppDelegate.swift; sourceTree = "<group>"; };
		39FCF8232B3AE22200097FCE /* SceneDelegate.swift */ = {isa = PBXFileReference; lastKnownFileType = sourcecode.swift; path = SceneDelegate.swift; sourceTree = "<group>"; };
		39FCF8252B3AE22200097FCE /* ViewController.swift */ = {isa = PBXFileReference; lastKnownFileType = sourcecode.swift; path = ViewController.swift; sourceTree = "<group>"; };
		39FCF82A2B3AE22400097FCE /* Assets.xcassets */ = {isa = PBXFileReference; lastKnownFileType = folder.assetcatalog; path = Assets.xcassets; sourceTree = "<group>"; };
		39FCF82D2B3AE22400097FCE /* Base */ = {isa = PBXFileReference; lastKnownFileType = file.storyboard; name = Base; path = Base.lproj/LaunchScreen.storyboard; sourceTree = "<group>"; };
		39FCF82F2B3AE22400097FCE /* Info.plist */ = {isa = PBXFileReference; lastKnownFileType = text.plist.xml; path = Info.plist; sourceTree = "<group>"; };
		39FCF8382B3AE42E00097FCE /* BaseTextField.swift */ = {isa = PBXFileReference; lastKnownFileType = sourcecode.swift; path = BaseTextField.swift; sourceTree = "<group>"; };
		39FCF83A2B3AE45000097FCE /* BaseTextField+ViewModel.swift */ = {isa = PBXFileReference; lastKnownFileType = sourcecode.swift; path = "BaseTextField+ViewModel.swift"; sourceTree = "<group>"; };
/* End PBXFileReference section */

/* Begin PBXFrameworksBuildPhase section */
		39FCF81B2B3AE22200097FCE /* Frameworks */ = {
			isa = PBXFrameworksBuildPhase;
			buildActionMask = 2147483647;
			files = (
			);
			runOnlyForDeploymentPostprocessing = 0;
		};
/* End PBXFrameworksBuildPhase section */

/* Begin PBXGroup section */
		39FCF8152B3AE22200097FCE = {
			isa = PBXGroup;
			children = (
				39FCF8202B3AE22200097FCE /* CustomTextField */,
				39FCF81F2B3AE22200097FCE /* Products */,
			);
			sourceTree = "<group>";
		};
		39FCF81F2B3AE22200097FCE /* Products */ = {
			isa = PBXGroup;
			children = (
				39FCF81E2B3AE22200097FCE /* CustomTextField.app */,
			);
			name = Products;
			sourceTree = "<group>";
		};
		39FCF8202B3AE22200097FCE /* CustomTextField */ = {
			isa = PBXGroup;
			children = (
				39FCF8352B3AE3B100097FCE /* TextField */,
				39FCF8212B3AE22200097FCE /* AppDelegate.swift */,
				39FCF8232B3AE22200097FCE /* SceneDelegate.swift */,
				39FCF8252B3AE22200097FCE /* ViewController.swift */,
				39FCF82A2B3AE22400097FCE /* Assets.xcassets */,
				39FCF82C2B3AE22400097FCE /* LaunchScreen.storyboard */,
				39FCF82F2B3AE22400097FCE /* Info.plist */,
			);
			path = CustomTextField;
			sourceTree = "<group>";
		};
		39FCF8352B3AE3B100097FCE /* TextField */ = {
			isa = PBXGroup;
			children = (
				39FCF8362B3AE3CA00097FCE /* Validators */,
				39FCF8382B3AE42E00097FCE /* BaseTextField.swift */,
				39FCF83A2B3AE45000097FCE /* BaseTextField+ViewModel.swift */,
			);
			path = TextField;
			sourceTree = "<group>";
		};
		39FCF8362B3AE3CA00097FCE /* Validators */ = {
			isa = PBXGroup;
			children = (
			);
			path = Validators;
			sourceTree = "<group>";
		};
/* End PBXGroup section */

/* Begin PBXNativeTarget section */
		39FCF81D2B3AE22200097FCE /* CustomTextField */ = {
			isa = PBXNativeTarget;
			buildConfigurationList = 39FCF8322B3AE22400097FCE /* Build configuration list for PBXNativeTarget "CustomTextField" */;
			buildPhases = (
				39FCF81A2B3AE22200097FCE /* Sources */,
				39FCF81B2B3AE22200097FCE /* Frameworks */,
				39FCF81C2B3AE22200097FCE /* Resources */,
			);
			buildRules = (
			);
			dependencies = (
			);
			name = CustomTextField;
			productName = CustomTextField;
			productReference = 39FCF81E2B3AE22200097FCE /* CustomTextField.app */;
			productType = "com.apple.product-type.application";
		};
/* End PBXNativeTarget section */

/* Begin PBXProject section */
		39FCF8162B3AE22200097FCE /* Project object */ = {
			isa = PBXProject;
			attributes = {
				BuildIndependentTargetsInParallel = 1;
				LastSwiftUpdateCheck = 1410;
				LastUpgradeCheck = 1410;
				TargetAttributes = {
					39FCF81D2B3AE22200097FCE = {
						CreatedOnToolsVersion = 14.1;
					};
				};
			};
			buildConfigurationList = 39FCF8192B3AE22200097FCE /* Build configuration list for PBXProject "CustomTextField" */;
			compatibilityVersion = "Xcode 14.0";
			developmentRegion = en;
			hasScannedForEncodings = 0;
			knownRegions = (
				en,
				Base,
			);
			mainGroup = 39FCF8152B3AE22200097FCE;
			productRefGroup = 39FCF81F2B3AE22200097FCE /* Products */;
			projectDirPath = "";
			projectRoot = "";
			targets = (
				39FCF81D2B3AE22200097FCE /* CustomTextField */,
			);
		};
/* End PBXProject section */

/* Begin PBXResourcesBuildPhase section */
		39FCF81C2B3AE22200097FCE /* Resources */ = {
			isa = PBXResourcesBuildPhase;
			buildActionMask = 2147483647;
			files = (
				39FCF82E2B3AE22400097FCE /* LaunchScreen.storyboard in Resources */,
				39FCF82B2B3AE22400097FCE /* Assets.xcassets in Resources */,
			);
			runOnlyForDeploymentPostprocessing = 0;
		};
/* End PBXResourcesBuildPhase section */

/* Begin PBXSourcesBuildPhase section */
		39FCF81A2B3AE22200097FCE /* Sources */ = {
			isa = PBXSourcesBuildPhase;
			buildActionMask = 2147483647;
			files = (
				39FCF8262B3AE22200097FCE /* ViewController.swift in Sources */,
				39FCF83B2B3AE45000097FCE /* BaseTextField+ViewModel.swift in Sources */,
				39FCF8222B3AE22200097FCE /* AppDelegate.swift in Sources */,
				39FCF8392B3AE42E00097FCE /* BaseTextField.swift in Sources */,
				39FCF8242B3AE22200097FCE /* SceneDelegate.swift in Sources */,
			);
			runOnlyForDeploymentPostprocessing = 0;
		};
/* End PBXSourcesBuildPhase section */

/* Begin PBXVariantGroup section */
		39FCF82C2B3AE22400097FCE /* LaunchScreen.storyboard */ = {
			isa = PBXVariantGroup;
			children = (
				39FCF82D2B3AE22400097FCE /* Base */,
			);
			name = LaunchScreen.storyboard;
			sourceTree = "<group>";
		};
/* End PBXVariantGroup section */

/* Begin XCBuildConfiguration section */
		39FCF8302B3AE22400097FCE /* Debug */ = {
			isa = XCBuildConfiguration;
			buildSettings = {
				ALWAYS_SEARCH_USER_PATHS = NO;
				CLANG_ANALYZER_NONNULL = YES;
				CLANG_ANALYZER_NUMBER_OBJECT_CONVERSION = YES_AGGRESSIVE;
				CLANG_CXX_LANGUAGE_STANDARD = "gnu++20";
				CLANG_ENABLE_MODULES = YES;
				CLANG_ENABLE_OBJC_ARC = YES;
				CLANG_ENABLE_OBJC_WEAK = YES;
				CLANG_WARN_BLOCK_CAPTURE_AUTORELEASING = YES;
				CLANG_WARN_BOOL_CONVERSION = YES;
				CLANG_WARN_COMMA = YES;
				CLANG_WARN_CONSTANT_CONVERSION = YES;
				CLANG_WARN_DEPRECATED_OBJC_IMPLEMENTATIONS = YES;
				CLANG_WARN_DIRECT_OBJC_ISA_USAGE = YES_ERROR;
				CLANG_WARN_DOCUMENTATION_COMMENTS = YES;
				CLANG_WARN_EMPTY_BODY = YES;
				CLANG_WARN_ENUM_CONVERSION = YES;
				CLANG_WARN_INFINITE_RECURSION = YES;
				CLANG_WARN_INT_CONVERSION = YES;
				CLANG_WARN_NON_LITERAL_NULL_CONVERSION = YES;
				CLANG_WARN_OBJC_IMPLICIT_RETAIN_SELF = YES;
				CLANG_WARN_OBJC_LITERAL_CONVERSION = YES;
				CLANG_WARN_OBJC_ROOT_CLASS = YES_ERROR;
				CLANG_WARN_QUOTED_INCLUDE_IN_FRAMEWORK_HEADER = YES;
				CLANG_WARN_RANGE_LOOP_ANALYSIS = YES;
				CLANG_WARN_STRICT_PROTOTYPES = YES;
				CLANG_WARN_SUSPICIOUS_MOVE = YES;
				CLANG_WARN_UNGUARDED_AVAILABILITY = YES_AGGRESSIVE;
				CLANG_WARN_UNREACHABLE_CODE = YES;
				CLANG_WARN__DUPLICATE_METHOD_MATCH = YES;
				COPY_PHASE_STRIP = NO;
				DEBUG_INFORMATION_FORMAT = dwarf;
				ENABLE_STRICT_OBJC_MSGSEND = YES;
				ENABLE_TESTABILITY = YES;
				GCC_C_LANGUAGE_STANDARD = gnu11;
				GCC_DYNAMIC_NO_PIC = NO;
				GCC_NO_COMMON_BLOCKS = YES;
				GCC_OPTIMIZATION_LEVEL = 0;
				GCC_PREPROCESSOR_DEFINITIONS = (
					"DEBUG=1",
					"$(inherited)",
				);
				GCC_WARN_64_TO_32_BIT_CONVERSION = YES;
				GCC_WARN_ABOUT_RETURN_TYPE = YES_ERROR;
				GCC_WARN_UNDECLARED_SELECTOR = YES;
				GCC_WARN_UNINITIALIZED_AUTOS = YES_AGGRESSIVE;
				GCC_WARN_UNUSED_FUNCTION = YES;
				GCC_WARN_UNUSED_VARIABLE = YES;
				IPHONEOS_DEPLOYMENT_TARGET = 16.1;
				MTL_ENABLE_DEBUG_INFO = INCLUDE_SOURCE;
				MTL_FAST_MATH = YES;
				ONLY_ACTIVE_ARCH = YES;
				SDKROOT = iphoneos;
				SWIFT_ACTIVE_COMPILATION_CONDITIONS = DEBUG;
				SWIFT_OPTIMIZATION_LEVEL = "-Onone";
			};
			name = Debug;
		};
		39FCF8312B3AE22400097FCE /* Release */ = {
			isa = XCBuildConfiguration;
			buildSettings = {
				ALWAYS_SEARCH_USER_PATHS = NO;
				CLANG_ANALYZER_NONNULL = YES;
				CLANG_ANALYZER_NUMBER_OBJECT_CONVERSION = YES_AGGRESSIVE;
				CLANG_CXX_LANGUAGE_STANDARD = "gnu++20";
				CLANG_ENABLE_MODULES = YES;
				CLANG_ENABLE_OBJC_ARC = YES;
				CLANG_ENABLE_OBJC_WEAK = YES;
				CLANG_WARN_BLOCK_CAPTURE_AUTORELEASING = YES;
				CLANG_WARN_BOOL_CONVERSION = YES;
				CLANG_WARN_COMMA = YES;
				CLANG_WARN_CONSTANT_CONVERSION = YES;
				CLANG_WARN_DEPRECATED_OBJC_IMPLEMENTATIONS = YES;
				CLANG_WARN_DIRECT_OBJC_ISA_USAGE = YES_ERROR;
				CLANG_WARN_DOCUMENTATION_COMMENTS = YES;
				CLANG_WARN_EMPTY_BODY = YES;
				CLANG_WARN_ENUM_CONVERSION = YES;
				CLANG_WARN_INFINITE_RECURSION = YES;
				CLANG_WARN_INT_CONVERSION = YES;
				CLANG_WARN_NON_LITERAL_NULL_CONVERSION = YES;
				CLANG_WARN_OBJC_IMPLICIT_RETAIN_SELF = YES;
				CLANG_WARN_OBJC_LITERAL_CONVERSION = YES;
				CLANG_WARN_OBJC_ROOT_CLASS = YES_ERROR;
				CLANG_WARN_QUOTED_INCLUDE_IN_FRAMEWORK_HEADER = YES;
				CLANG_WARN_RANGE_LOOP_ANALYSIS = YES;
				CLANG_WARN_STRICT_PROTOTYPES = YES;
				CLANG_WARN_SUSPICIOUS_MOVE = YES;
				CLANG_WARN_UNGUARDED_AVAILABILITY = YES_AGGRESSIVE;
				CLANG_WARN_UNREACHABLE_CODE = YES;
				CLANG_WARN__DUPLICATE_METHOD_MATCH = YES;
				COPY_PHASE_STRIP = NO;
				DEBUG_INFORMATION_FORMAT = "dwarf-with-dsym";
				ENABLE_NS_ASSERTIONS = NO;
				ENABLE_STRICT_OBJC_MSGSEND = YES;
				GCC_C_LANGUAGE_STANDARD = gnu11;
				GCC_NO_COMMON_BLOCKS = YES;
				GCC_WARN_64_TO_32_BIT_CONVERSION = YES;
				GCC_WARN_ABOUT_RETURN_TYPE = YES_ERROR;
				GCC_WARN_UNDECLARED_SELECTOR = YES;
				GCC_WARN_UNINITIALIZED_AUTOS = YES_AGGRESSIVE;
				GCC_WARN_UNUSED_FUNCTION = YES;
				GCC_WARN_UNUSED_VARIABLE = YES;
				IPHONEOS_DEPLOYMENT_TARGET = 16.1;
				MTL_ENABLE_DEBUG_INFO = NO;
				MTL_FAST_MATH = YES;
				SDKROOT = iphoneos;
				SWIFT_COMPILATION_MODE = wholemodule;
				SWIFT_OPTIMIZATION_LEVEL = "-O";
				VALIDATE_PRODUCT = YES;
			};
			name = Release;
		};
		39FCF8332B3AE22400097FCE /* Debug */ = {
			isa = XCBuildConfiguration;
			buildSettings = {
				ASSETCATALOG_COMPILER_APPICON_NAME = AppIcon;
				ASSETCATALOG_COMPILER_GLOBAL_ACCENT_COLOR_NAME = AccentColor;
				CODE_SIGN_STYLE = Automatic;
				CURRENT_PROJECT_VERSION = 1;
				DEVELOPMENT_TEAM = R88QX5B8GT;
				GENERATE_INFOPLIST_FILE = YES;
				INFOPLIST_FILE = CustomTextField/Info.plist;
				INFOPLIST_KEY_UIApplicationSupportsIndirectInputEvents = YES;
				INFOPLIST_KEY_UILaunchStoryboardName = LaunchScreen;
				INFOPLIST_KEY_UISupportedInterfaceOrientations_iPad = "UIInterfaceOrientationPortrait UIInterfaceOrientationPortraitUpsideDown UIInterfaceOrientationLandscapeLeft UIInterfaceOrientationLandscapeRight";
				INFOPLIST_KEY_UISupportedInterfaceOrientations_iPhone = "UIInterfaceOrientationPortrait UIInterfaceOrientationLandscapeLeft UIInterfaceOrientationLandscapeRight";
				LD_RUNPATH_SEARCH_PATHS = (
					"$(inherited)",
					"@executable_path/Frameworks",
				);
				MARKETING_VERSION = 1.0;
				PRODUCT_BUNDLE_IDENTIFIER = com.kodx.CustomTextField;
				PRODUCT_NAME = "$(TARGET_NAME)";
				SWIFT_EMIT_LOC_STRINGS = YES;
				SWIFT_VERSION = 5.0;
				TARGETED_DEVICE_FAMILY = "1,2";
			};
			name = Debug;
		};
		39FCF8342B3AE22400097FCE /* Release */ = {
			isa = XCBuildConfiguration;
			buildSettings = {
				ASSETCATALOG_COMPILER_APPICON_NAME = AppIcon;
				ASSETCATALOG_COMPILER_GLOBAL_ACCENT_COLOR_NAME = AccentColor;
				CODE_SIGN_STYLE = Automatic;
				CURRENT_PROJECT_VERSION = 1;
				DEVELOPMENT_TEAM = R88QX5B8GT;
				GENERATE_INFOPLIST_FILE = YES;
				INFOPLIST_FILE = CustomTextField/Info.plist;
				INFOPLIST_KEY_UIApplicationSupportsIndirectInputEvents = YES;
				INFOPLIST_KEY_UILaunchStoryboardName = LaunchScreen;
				INFOPLIST_KEY_UISupportedInterfaceOrientations_iPad = "UIInterfaceOrientationPortrait UIInterfaceOrientationPortraitUpsideDown UIInterfaceOrientationLandscapeLeft UIInterfaceOrientationLandscapeRight";
				INFOPLIST_KEY_UISupportedInterfaceOrientations_iPhone = "UIInterfaceOrientationPortrait UIInterfaceOrientationLandscapeLeft UIInterfaceOrientationLandscapeRight";
				LD_RUNPATH_SEARCH_PATHS = (
					"$(inherited)",
					"@executable_path/Frameworks",
				);
				MARKETING_VERSION = 1.0;
				PRODUCT_BUNDLE_IDENTIFIER = com.kodx.CustomTextField;
				PRODUCT_NAME = "$(TARGET_NAME)";
				SWIFT_EMIT_LOC_STRINGS = YES;
				SWIFT_VERSION = 5.0;
				TARGETED_DEVICE_FAMILY = "1,2";
			};
			name = Release;
		};
/* End XCBuildConfiguration section */

/* Begin XCConfigurationList section */
		39FCF8192B3AE22200097FCE /* Build configuration list for PBXProject "CustomTextField" */ = {
			isa = XCConfigurationList;
			buildConfigurations = (
				39FCF8302B3AE22400097FCE /* Debug */,
				39FCF8312B3AE22400097FCE /* Release */,
			);
			defaultConfigurationIsVisible = 0;
			defaultConfigurationName = Release;
		};
		39FCF8322B3AE22400097FCE /* Build configuration list for PBXNativeTarget "CustomTextField" */ = {
			isa = XCConfigurationList;
			buildConfigurations = (
				39FCF8332B3AE22400097FCE /* Debug */,
				39FCF8342B3AE22400097FCE /* Release */,
			);
			defaultConfigurationIsVisible = 0;
			defaultConfigurationName = Release;
		};
/* End XCConfigurationList section */
	};
	rootObject = 39FCF8162B3AE22200097FCE /* Project object */;
}
